
Microsoft Visual Studio Solution File, Format Version 12.00
# Visual Studio Version 17
VisualStudioVersion = 17.11.35327.3
MinimumVisualStudioVersion = 10.0.40219.1
Project("{54A90642-561A-4BB1-A94E-469ADEE60C69}") = "min-max-list", "min-max-list.esproj", "{84F62D43-9342-486E-83E4-3673041D81EA}"
EndProject
Global
	GlobalSection(SolutionConfigurationPlatforms) = preSolution
		Debug|Any CPU = Debug|Any CPU
		Release|Any CPU = Release|Any CPU
	EndGlobalSection
	GlobalSection(ProjectConfigurationPlatforms) = postSolution
		{84F62D43-9342-486E-83E4-3673041D81EA}.Debug|Any CPU.ActiveCfg = Debug|Any CPU
		{84F62D43-9342-486E-83E4-3673041D81EA}.Debug|Any CPU.Build.0 = Debug|Any CPU
		{84F62D43-9342-486E-83E4-3673041D81EA}.Debug|Any CPU.Deploy.0 = Debug|Any CPU
		{84F62D43-9342-486E-83E4-3673041D81EA}.Release|Any CPU.ActiveCfg = Release|Any CPU
		{84F62D43-9342-486E-83E4-3673041D81EA}.Release|Any CPU.Build.0 = Release|Any CPU
		{84F62D43-9342-486E-83E4-3673041D81EA}.Release|Any CPU.Deploy.0 = Release|Any CPU
	EndGlobalSection
	GlobalSection(SolutionProperties) = preSolution
		HideSolutionNode = FALSE
	EndGlobalSection
	GlobalSection(ExtensibilityGlobals) = postSolution
		SolutionGuid = {75FD4241-60C5-4036-B602-4E9B16CD8A83}
	EndGlobalSection
EndGlobal
